Microsoft Visual Studio Solution File, Format Version 12.00
# Visual Studio Version 17
VisualStudioVersion = 17.0.31903.59
MinimumVisualStudioVersion = 10.0.40219.1
Project("{9A19103F-16F7-4668-BE54-9A1E7A4F7556}") = "ApiGateway", "src\ApiGateway\ApiGateway.csproj", "{A8B8E8A1-1234-4567-8901-123456789ABC}"
EndProject
Project("{9A19103F-16F7-4668-BE54-9A1E7A4F7556}") = "ApiGateway.Models", "src\ApiGateway.Models\ApiGateway.Models.csproj", "{B8B8E8A1-1234-4567-8901-123456789ABC}"
EndProject
Project("{9A19103F-16F7-4668-BE54-9A1E7A4F7556}") = "ApiGateway.Services", "src\ApiGateway.Services\ApiGateway.Services.csproj", "{C8B8E8A1-1234-4567-8901-123456789ABC}"
EndProject
Global
	GlobalSection(SolutionConfigurationPlatforms) = preSolution
		Debug|Any CPU = Debug|Any CPU
		Release|Any CPU = Release|Any CPU
	EndGlobalSection
	GlobalSection(ProjectConfigurationPlatforms) = postSolution
		{A8B8E8A1-1234-4567-8901-123456789ABC}.Debug|Any CPU.ActiveCfg = Debug|Any CPU
		{A8B8E8A1-1234-4567-8901-123456789ABC}.Debug|Any CPU.Build.0 = Debug|Any CPU
		{A8B8E8A1-1234-4567-8901-123456789ABC}.Release|Any CPU.ActiveCfg = Release|Any CPU
		{A8B8E8A1-1234-4567-8901-123456789ABC}.Release|Any CPU.Build.0 = Release|Any CPU
		{B8B8E8A1-1234-4567-8901-123456789ABC}.Debug|Any CPU.ActiveCfg = Debug|Any CPU
		{B8B8E8A1-1234-4567-8901-123456789ABC}.Debug|Any CPU.Build.0 = Debug|Any CPU
		{B8B8E8A1-1234-4567-8901-123456789ABC}.Release|Any CPU.ActiveCfg = Release|Any CPU
		{B8B8E8A1-1234-4567-8901-123456789ABC}.Release|Any CPU.Build.0 = Release|Any CPU
		{C8B8E8A1-1234-4567-8901-123456789ABC}.Debug|Any CPU.ActiveCfg = Debug|Any CPU
		{C8B8E8A1-1234-4567-8901-123456789ABC}.Debug|Any CPU.Build.0 = Debug|Any CPU
		{C8B8E8A1-1234-4567-8901-123456789ABC}.Release|Any CPU.ActiveCfg = Release|Any CPU
		{C8B8E8A1-1234-4567-8901-123456789ABC}.Release|Any CPU.Build.0 = Release|Any CPU
	EndGlobalSection
	GlobalSection(SolutionProperties) = preSolution
		HideSolutionNode = FALSE
	EndGlobalSection
	GlobalSection(ExtensibilityGlobals) = postSolution
		SolutionGuid = {D8B8E8A1-1234-4567-8901-123456789ABC}
	EndGlobalSection
EndGlobal
